{
    "_readme": [
        "This file locks the dependencies of your project to a known state",
        "Read more about it at https://getcomposer.org/doc/01-basic-usage.md#installing-dependencies",
        "This file is @generated automatically"
    ],
    "content-hash": "3e610afb2c47fb4f9a228432552b6b9b",
    "packages": [
        {
            "name": "alexis-magina/cmb2-field-post-search-ajax",
            "version": "dev-master",
            "source": {
                "type": "git",
                "url": "https://github.com/alexis-magina/cmb2-field-post-search-ajax.git",
                "reference": "4c8120e5919339fc692acd3823f91f0381040905"
            },
            "dist": {
                "type": "zip",
                "url": "https://api.github.com/repos/alexis-magina/cmb2-field-post-search-ajax/zipball/4c8120e5919339fc692acd3823f91f0381040905",
                "reference": "4c8120e5919339fc692acd3823f91f0381040905",
                "shasum": ""
            },
            "require": {
                "php": ">5.2.4"
            },
            "suggest": {
                "composer/installers": "~1.0"
            },
            "default-branch": true,
            "type": "wordpress-plugin",
            "notification-url": "https://packagist.org/downloads/",
            "license": [
                "GPL-3.0"
            ],
            "authors": [
                {
                    "name": "Magina",
                    "email": "contact@magina.fr",
                    "homepage": "https://github.com/alexis-magina/",
                    "role": "Developer"
                }
            ],
            "description": "CMB2 field type to attach posts to each others. Search with Ajax.",
            "homepage": "https://github.com/alexis-magina/cmb2-field-post-search-ajax",
            "keywords": [
                "attached",
                "metabox",
                "plugin",
                "post",
                "related",
                "relationship",
                "wordpress"
            ],
            "support": {
                "issues": "https://github.com/alexis-magina/cmb2-field-post-search-ajax/issues",
                "source": "https://github.com/alexis-magina/cmb2-field-post-search-ajax/"
            },
            "time": "2017-04-24T16:05:39+00:00"
        },
        {
            "name": "cmb2/cmb2",
            "version": "v2.10.1",
            "source": {
                "type": "git",
                "url": "https://github.com/CMB2/CMB2.git",
                "reference": "4afc4bb7b92ab6d93aac2247c9a84af773e42532"
            },
            "dist": {
                "type": "zip",
                "url": "https://api.github.com/repos/CMB2/CMB2/zipball/4afc4bb7b92ab6d93aac2247c9a84af773e42532",
                "reference": "4afc4bb7b92ab6d93aac2247c9a84af773e42532",
                "shasum": ""
            },
            "require": {
                "php": ">5.2.4"
            },
            "require-dev": {
                "apigen/apigen": "4.1.2",
                "awesomemotive/am-cli-tools": ">=1.3.1",
                "nette/utils": "2.5.3",
                "phpunit/phpunit": "^6.5",
                "yoast/phpunit-polyfills": "^1.0"
            },
            "suggest": {
                "composer/installers": "~1.0"
            },
            "type": "wordpress-plugin",
            "notification-url": "https://packagist.org/downloads/",
            "license": [
                "GPL-2.0-or-later"
            ],
            "authors": [
                {
                    "name": "Justin Sternberg",
                    "email": "justin@dsgnwrks.pro",
                    "homepage": "https://dsgnwrks.pro",
                    "role": "Developer"
                },
                {
                    "name": "WebDevStudios",
                    "email": "contact@webdevstudios.com",
                    "homepage": "https://github.com/WebDevStudios",
                    "role": "Developer"
                }
            ],
            "description": "CMB2 is a metabox, custom fields, and forms library for WordPress that will blow your mind.",
            "homepage": "https://github.com/CMB2/CMB2",
            "keywords": [
                "metabox",
                "plugin",
                "wordpress"
            ],
            "support": {
                "issues": "https://github.com/CMB2/CMB2/issues",
                "source": "http://wordpress.org/support/plugin/cmb2"
            },
            "time": "2022-02-22T14:15:16+00:00"
        }
    ],
    "packages-dev": [],
    "aliases": [],
    "minimum-stability": "dev",
    "stability-flags": {
        "alexis-magina/cmb2-field-post-search-ajax": 20
    },
    "prefer-stable": false,
    "prefer-lowest": false,
    "platform": [],
    "platform-dev": [],
    "plugin-api-version": "2.3.0"
}
